
Microsoft Visual Studio Solution File, Format Version 12.00
# Visual Studio Version 17
VisualStudioVersion = 17.0.31903.59
MinimumVisualStudioVersion = 10.0.40219.1
Project("{2150E333-8FDC-42A3-9474-1A3956D46DE8}") = "src", "src", "{827E0CD3-B72D-47B6-A68D-7590B98EB39B}"
EndProject
Project("{FAE04EC0-301F-11D3-BF4B-00C04F79EFBC}") = "GhostTrace.Core", "src\GhostTrace.Core\GhostTrace.Core.csproj", "{781B39A3-2D02-4476-91E6-46B362C79923}"
EndProject
Project("{FAE04EC0-301F-11D3-BF4B-00C04F79EFBC}") = "GhostTrace.Modules", "src\GhostTrace.Modules\GhostTrace.Modules.csproj", "{8FC2A141-610D-435D-9FA6-EE7EE31BA30C}"
EndProject
Project("{FAE04EC0-301F-11D3-BF4B-00C04F79EFBC}") = "GhostTrace.CLI", "src\GhostTrace.CLI\GhostTrace.CLI.csproj", "{A8403150-F1FE-4B2D-8A6F-4FEABB6C0A71}"
EndProject
Project("{2150E333-8FDC-42A3-9474-1A3956D46DE8}") = "tests", "tests", "{0AB3BF05-4346-4AA6-1389-037BE0695223}"
EndProject
Project("{FAE04EC0-301F-11D3-BF4B-00C04F79EFBC}") = "GhostTrace.Tests.Unit", "tests\GhostTrace.Tests.Unit\GhostTrace.Tests.Unit.csproj", "{1264BC9E-462D-4CC5-9495-8F7641FFC066}"
EndProject
Project("{FAE04EC0-301F-11D3-BF4B-00C04F79EFBC}") = "GhostTrace.Tests.Integration", "tests\GhostTrace.Tests.Integration\GhostTrace.Tests.Integration.csproj", "{4C275D5A-9675-4994-B664-87A37C7FC78C}"
EndProject
Project("{FAE04EC0-301F-11D3-BF4B-00C04F79EFBC}") = "GhostTrace.Tests.ForensicSafety", "tests\GhostTrace.Tests.ForensicSafety\GhostTrace.Tests.ForensicSafety.csproj", "{491F3DE2-CE57-4F6E-93B2-1CA811DBD944}"
EndProject
Project("{FAE04EC0-301F-11D3-BF4B-00C04F79EFBC}") = "GhostTrace.Tests", "src\GhostTrace.Tests\GhostTrace.Tests.csproj", "{B8125CA5-D3E1-46A8-8B9E-58E1FF5E99A7}"
EndProject
Project("{FAE04EC0-301F-11D3-BF4B-00C04F79EFBC}") = "GhostTrace.Analysis", "src\GhostTrace.Analysis\GhostTrace.Analysis.csproj", "{1AC96FB7-2E2B-4056-B891-95DBF3604E1A}"
EndProject
Project("{B7DD6F7E-DEF8-4E67-B5B7-07EF123DB6F0}") = "GhostTrace.Installer", "src\GhostTrace.Installer\GhostTrace.Installer.wixproj", "{A43FF8EF-F862-41D9-8E82-CCA7D93EC068}"
EndProject
Global
	GlobalSection(SolutionConfigurationPlatforms) = preSolution
		Debug|Any CPU = Debug|Any CPU
		Debug|x64 = Debug|x64
		Debug|x86 = Debug|x86
		Release|Any CPU = Release|Any CPU
		Release|x64 = Release|x64
		Release|x86 = Release|x86
	EndGlobalSection
	GlobalSection(ProjectConfigurationPlatforms) = postSolution
		{781B39A3-2D02-4476-91E6-46B362C79923}.Debug|Any CPU.ActiveCfg = Debug|Any CPU
		{781B39A3-2D02-4476-91E6-46B362C79923}.Debug|Any CPU.Build.0 = Debug|Any CPU
		{781B39A3-2D02-4476-91E6-46B362C79923}.Debug|x64.ActiveCfg = Debug|Any CPU
		{781B39A3-2D02-4476-91E6-46B362C79923}.Debug|x64.Build.0 = Debug|Any CPU
		{781B39A3-2D02-4476-91E6-46B362C79923}.Debug|x86.ActiveCfg = Debug|Any CPU
		{781B39A3-2D02-4476-91E6-46B362C79923}.Debug|x86.Build.0 = Debug|Any CPU
		{781B39A3-2D02-4476-91E6-46B362C79923}.Release|Any CPU.ActiveCfg = Release|Any CPU
		{781B39A3-2D02-4476-91E6-46B362C79923}.Release|Any CPU.Build.0 = Release|Any CPU
		{781B39A3-2D02-4476-91E6-46B362C79923}.Release|x64.ActiveCfg = Release|Any CPU
		{781B39A3-2D02-4476-91E6-46B362C79923}.Release|x64.Build.0 = Release|Any CPU
		{781B39A3-2D02-4476-91E6-46B362C79923}.Release|x86.ActiveCfg = Release|Any CPU
		{781B39A3-2D02-4476-91E6-46B362C79923}.Release|x86.Build.0 = Release|Any CPU
		{8FC2A141-610D-435D-9FA6-EE7EE31BA30C}.Debug|Any CPU.ActiveCfg = Debug|Any CPU
		{8FC2A141-610D-435D-9FA6-EE7EE31BA30C}.Debug|Any CPU.Build.0 = Debug|Any CPU
		{8FC2A141-610D-435D-9FA6-EE7EE31BA30C}.Debug|x64.ActiveCfg = Debug|Any CPU
		{8FC2A141-610D-435D-9FA6-EE7EE31BA30C}.Debug|x64.Build.0 = Debug|Any CPU
		{8FC2A141-610D-435D-9FA6-EE7EE31BA30C}.Debug|x86.ActiveCfg = Debug|Any CPU
		{8FC2A141-610D-435D-9FA6-EE7EE31BA30C}.Debug|x86.Build.0 = Debug|Any CPU
		{8FC2A141-610D-435D-9FA6-EE7EE31BA30C}.Release|Any CPU.ActiveCfg = Release|Any CPU
		{8FC2A141-610D-435D-9FA6-EE7EE31BA30C}.Release|Any CPU.Build.0 = Release|Any CPU
		{8FC2A141-610D-435D-9FA6-EE7EE31BA30C}.Release|x64.ActiveCfg = Release|Any CPU
		{8FC2A141-610D-435D-9FA6-EE7EE31BA30C}.Release|x64.Build.0 = Release|Any CPU
		{8FC2A141-610D-435D-9FA6-EE7EE31BA30C}.Release|x86.ActiveCfg = Release|Any CPU
		{8FC2A141-610D-435D-9FA6-EE7EE31BA30C}.Release|x86.Build.0 = Release|Any CPU
		{A8403150-F1FE-4B2D-8A6F-4FEABB6C0A71}.Debug|Any CPU.ActiveCfg = Debug|Any CPU
		{A8403150-F1FE-4B2D-8A6F-4FEABB6C0A71}.Debug|Any CPU.Build.0 = Debug|Any CPU
		{A8403150-F1FE-4B2D-8A6F-4FEABB6C0A71}.Debug|x64.ActiveCfg = Debug|Any CPU
		{A8403150-F1FE-4B2D-8A6F-4FEABB6C0A71}.Debug|x64.Build.0 = Debug|Any CPU
		{A8403150-F1FE-4B2D-8A6F-4FEABB6C0A71}.Debug|x86.ActiveCfg = Debug|Any CPU
		{A8403150-F1FE-4B2D-8A6F-4FEABB6C0A71}.Debug|x86.Build.0 = Debug|Any CPU
		{A8403150-F1FE-4B2D-8A6F-4FEABB6C0A71}.Release|Any CPU.ActiveCfg = Release|Any CPU
		{A8403150-F1FE-4B2D-8A6F-4FEABB6C0A71}.Release|Any CPU.Build.0 = Release|Any CPU
		{A8403150-F1FE-4B2D-8A6F-4FEABB6C0A71}.Release|x64.ActiveCfg = Release|Any CPU
		{A8403150-F1FE-4B2D-8A6F-4FEABB6C0A71}.Release|x64.Build.0 = Release|Any CPU
		{A8403150-F1FE-4B2D-8A6F-4FEABB6C0A71}.Release|x86.ActiveCfg = Release|Any CPU
		{A8403150-F1FE-4B2D-8A6F-4FEABB6C0A71}.Release|x86.Build.0 = Release|Any CPU
		{1264BC9E-462D-4CC5-9495-8F7641FFC066}.Debug|Any CPU.ActiveCfg = Debug|Any CPU
		{1264BC9E-462D-4CC5-9495-8F7641FFC066}.Debug|Any CPU.Build.0 = Debug|Any CPU
		{1264BC9E-462D-4CC5-9495-8F7641FFC066}.Debug|x64.ActiveCfg = Debug|Any CPU
		{1264BC9E-462D-4CC5-9495-8F7641FFC066}.Debug|x64.Build.0 = Debug|Any CPU
		{1264BC9E-462D-4CC5-9495-8F7641FFC066}.Debug|x86.ActiveCfg = Debug|Any CPU
		{1264BC9E-462D-4CC5-9495-8F7641FFC066}.Debug|x86.Build.0 = Debug|Any CPU
		{1264BC9E-462D-4CC5-9495-8F7641FFC066}.Release|Any CPU.ActiveCfg = Release|Any CPU
		{1264BC9E-462D-4CC5-9495-8F7641FFC066}.Release|Any CPU.Build.0 = Release|Any CPU
		{1264BC9E-462D-4CC5-9495-8F7641FFC066}.Release|x64.ActiveCfg = Release|Any CPU
		{1264BC9E-462D-4CC5-9495-8F7641FFC066}.Release|x64.Build.0 = Release|Any CPU
		{1264BC9E-462D-4CC5-9495-8F7641FFC066}.Release|x86.ActiveCfg = Release|Any CPU
		{1264BC9E-462D-4CC5-9495-8F7641FFC066}.Release|x86.Build.0 = Release|Any CPU
		{4C275D5A-9675-4994-B664-87A37C7FC78C}.Debug|Any CPU.ActiveCfg = Debug|Any CPU
		{4C275D5A-9675-4994-B664-87A37C7FC78C}.Debug|Any CPU.Build.0 = Debug|Any CPU
		{4C275D5A-9675-4994-B664-87A37C7FC78C}.Debug|x64.ActiveCfg = Debug|Any CPU
		{4C275D5A-9675-4994-B664-87A37C7FC78C}.Debug|x64.Build.0 = Debug|Any CPU
		{4C275D5A-9675-4994-B664-87A37C7FC78C}.Debug|x86.ActiveCfg = Debug|Any CPU
		{4C275D5A-9675-4994-B664-87A37C7FC78C}.Debug|x86.Build.0 = Debug|Any CPU
		{4C275D5A-9675-4994-B664-87A37C7FC78C}.Release|Any CPU.ActiveCfg = Release|Any CPU
		{4C275D5A-9675-4994-B664-87A37C7FC78C}.Release|Any CPU.Build.0 = Release|Any CPU
		{4C275D5A-9675-4994-B664-87A37C7FC78C}.Release|x64.ActiveCfg = Release|Any CPU
		{4C275D5A-9675-4994-B664-87A37C7FC78C}.Release|x64.Build.0 = Release|Any CPU
		{4C275D5A-9675-4994-B664-87A37C7FC78C}.Release|x86.ActiveCfg = Release|Any CPU
		{4C275D5A-9675-4994-B664-87A37C7FC78C}.Release|x86.Build.0 = Release|Any CPU
		{491F3DE2-CE57-4F6E-93B2-1CA811DBD944}.Debug|Any CPU.ActiveCfg = Debug|Any CPU
		{491F3DE2-CE57-4F6E-93B2-1CA811DBD944}.Debug|Any CPU.Build.0 = Debug|Any CPU
		{491F3DE2-CE57-4F6E-93B2-1CA811DBD944}.Debug|x64.ActiveCfg = Debug|Any CPU
		{491F3DE2-CE57-4F6E-93B2-1CA811DBD944}.Debug|x64.Build.0 = Debug|Any CPU
		{491F3DE2-CE57-4F6E-93B2-1CA811DBD944}.Debug|x86.ActiveCfg = Debug|Any CPU
		{491F3DE2-CE57-4F6E-93B2-1CA811DBD944}.Debug|x86.Build.0 = Debug|Any CPU
		{491F3DE2-CE57-4F6E-93B2-1CA811DBD944}.Release|Any CPU.ActiveCfg = Release|Any CPU
		{491F3DE2-CE57-4F6E-93B2-1CA811DBD944}.Release|Any CPU.Build.0 = Release|Any CPU
		{491F3DE2-CE57-4F6E-93B2-1CA811DBD944}.Release|x64.ActiveCfg = Release|Any CPU
		{491F3DE2-CE57-4F6E-93B2-1CA811DBD944}.Release|x64.Build.0 = Release|Any CPU
		{491F3DE2-CE57-4F6E-93B2-1CA811DBD944}.Release|x86.ActiveCfg = Release|Any CPU
		{491F3DE2-CE57-4F6E-93B2-1CA811DBD944}.Release|x86.Build.0 = Release|Any CPU
		{B8125CA5-D3E1-46A8-8B9E-58E1FF5E99A7}.Debug|Any CPU.ActiveCfg = Debug|Any CPU
		{B8125CA5-D3E1-46A8-8B9E-58E1FF5E99A7}.Debug|Any CPU.Build.0 = Debug|Any CPU
		{B8125CA5-D3E1-46A8-8B9E-58E1FF5E99A7}.Debug|x64.ActiveCfg = Debug|Any CPU
		{B8125CA5-D3E1-46A8-8B9E-58E1FF5E99A7}.Debug|x64.Build.0 = Debug|Any CPU
		{B8125CA5-D3E1-46A8-8B9E-58E1FF5E99A7}.Debug|x86.ActiveCfg = Debug|Any CPU
		{B8125CA5-D3E1-46A8-8B9E-58E1FF5E99A7}.Debug|x86.Build.0 = Debug|Any CPU
		{B8125CA5-D3E1-46A8-8B9E-58E1FF5E99A7}.Release|Any CPU.ActiveCfg = Release|Any CPU
		{B8125CA5-D3E1-46A8-8B9E-58E1FF5E99A7}.Release|Any CPU.Build.0 = Release|Any CPU
		{B8125CA5-D3E1-46A8-8B9E-58E1FF5E99A7}.Release|x64.ActiveCfg = Release|Any CPU
		{B8125CA5-D3E1-46A8-8B9E-58E1FF5E99A7}.Release|x64.Build.0 = Release|Any CPU
		{B8125CA5-D3E1-46A8-8B9E-58E1FF5E99A7}.Release|x86.ActiveCfg = Release|Any CPU
		{B8125CA5-D3E1-46A8-8B9E-58E1FF5E99A7}.Release|x86.Build.0 = Release|Any CPU
		{1AC96FB7-2E2B-4056-B891-95DBF3604E1A}.Debug|Any CPU.ActiveCfg = Debug|Any CPU
		{1AC96FB7-2E2B-4056-B891-95DBF3604E1A}.Debug|Any CPU.Build.0 = Debug|Any CPU
		{1AC96FB7-2E2B-4056-B891-95DBF3604E1A}.Debug|x64.ActiveCfg = Debug|Any CPU
		{1AC96FB7-2E2B-4056-B891-95DBF3604E1A}.Debug|x64.Build.0 = Debug|Any CPU
		{1AC96FB7-2E2B-4056-B891-95DBF3604E1A}.Debug|x86.ActiveCfg = Debug|Any CPU
		{1AC96FB7-2E2B-4056-B891-95DBF3604E1A}.Debug|x86.Build.0 = Debug|Any CPU
		{1AC96FB7-2E2B-4056-B891-95DBF3604E1A}.Release|Any CPU.ActiveCfg = Release|Any CPU
		{1AC96FB7-2E2B-4056-B891-95DBF3604E1A}.Release|Any CPU.Build.0 = Release|Any CPU
		{1AC96FB7-2E2B-4056-B891-95DBF3604E1A}.Release|x64.ActiveCfg = Release|Any CPU
		{1AC96FB7-2E2B-4056-B891-95DBF3604E1A}.Release|x64.Build.0 = Release|Any CPU
		{1AC96FB7-2E2B-4056-B891-95DBF3604E1A}.Release|x86.ActiveCfg = Release|Any CPU
		{1AC96FB7-2E2B-4056-B891-95DBF3604E1A}.Release|x86.Build.0 = Release|Any CPU
		{A43FF8EF-F862-41D9-8E82-CCA7D93EC068}.Debug|Any CPU.ActiveCfg = Debug|Any CPU
		{A43FF8EF-F862-41D9-8E82-CCA7D93EC068}.Debug|Any CPU.Build.0 = Debug|Any CPU
		{A43FF8EF-F862-41D9-8E82-CCA7D93EC068}.Debug|x64.ActiveCfg = Debug|Any CPU
		{A43FF8EF-F862-41D9-8E82-CCA7D93EC068}.Debug|x64.Build.0 = Debug|Any CPU
		{A43FF8EF-F862-41D9-8E82-CCA7D93EC068}.Debug|x86.ActiveCfg = Debug|Any CPU
		{A43FF8EF-F862-41D9-8E82-CCA7D93EC068}.Debug|x86.Build.0 = Debug|Any CPU
		{A43FF8EF-F862-41D9-8E82-CCA7D93EC068}.Release|Any CPU.ActiveCfg = Release|Any CPU
		{A43FF8EF-F862-41D9-8E82-CCA7D93EC068}.Release|Any CPU.Build.0 = Release|Any CPU
		{A43FF8EF-F862-41D9-8E82-CCA7D93EC068}.Release|x64.ActiveCfg = Release|Any CPU
		{A43FF8EF-F862-41D9-8E82-CCA7D93EC068}.Release|x64.Build.0 = Release|Any CPU
		{A43FF8EF-F862-41D9-8E82-CCA7D93EC068}.Release|x86.ActiveCfg = Release|Any CPU
		{A43FF8EF-F862-41D9-8E82-CCA7D93EC068}.Release|x86.Build.0 = Release|Any CPU
	EndGlobalSection
	GlobalSection(SolutionProperties) = preSolution
		HideSolutionNode = FALSE
	EndGlobalSection
	GlobalSection(NestedProjects) = preSolution
		{781B39A3-2D02-4476-91E6-46B362C79923} = {827E0CD3-B72D-47B6-A68D-7590B98EB39B}
		{8FC2A141-610D-435D-9FA6-EE7EE31BA30C} = {827E0CD3-B72D-47B6-A68D-7590B98EB39B}
		{A8403150-F1FE-4B2D-8A6F-4FEABB6C0A71} = {827E0CD3-B72D-47B6-A68D-7590B98EB39B}
		{1264BC9E-462D-4CC5-9495-8F7641FFC066} = {0AB3BF05-4346-4AA6-1389-037BE0695223}
		{4C275D5A-9675-4994-B664-87A37C7FC78C} = {0AB3BF05-4346-4AA6-1389-037BE0695223}
		{491F3DE2-CE57-4F6E-93B2-1CA811DBD944} = {0AB3BF05-4346-4AA6-1389-037BE0695223}
		{B8125CA5-D3E1-46A8-8B9E-58E1FF5E99A7} = {827E0CD3-B72D-47B6-A68D-7590B98EB39B}
		{1AC96FB7-2E2B-4056-B891-95DBF3604E1A} = {827E0CD3-B72D-47B6-A68D-7590B98EB39B}
		{A43FF8EF-F862-41D9-8E82-CCA7D93EC068} = {827E0CD3-B72D-47B6-A68D-7590B98EB39B}
	EndGlobalSection
EndGlobal
